# This file is @generated by PDM.
# It is not intended for manual editing.

[metadata]
groups = ["default"]
strategy = ["inherit_metadata"]
lock_version = "4.5.0"
content_hash = "sha256:e553e6f0ece97ad9b74b0c89cdc4b3724c8ddfecea6af680578a001de368b91f"

[[metadata.targets]]
requires_python = ">=3.11"
